
Microsoft Visual Studio Solution File, Format Version 12.00
# Visual Studio 2013
VisualStudioVersion = 12.0.30110.0
MinimumVisualStudioVersion = 10.0.40219.1
Project("{FAE04EC0-301F-11D3-BF4B-00C04F79EFBC}") = "XCore.ScheduledTaskHelper", "XCore.ScheduledTaskHelper\XCore.ScheduledTaskHelper.csproj", "{A2A3FEC5-B293-4E9E-A208-E0506E46894D}"
EndProject
Global
	GlobalSection(SolutionConfigurationPlatforms) = preSolution
		Debug|Any CPU = Debug|Any CPU
		Release|Any CPU = Release|Any CPU
	EndGlobalSection
	GlobalSection(ProjectConfigurationPlatforms) = postSolution
		{A2A3FEC5-B293-4E9E-A208-E0506E46894D}.Debug|Any CPU.ActiveCfg = Debug|Any CPU
		{A2A3FEC5-B293-4E9E-A208-E0506E46894D}.Debug|Any CPU.Build.0 = Debug|Any CPU
		{A2A3FEC5-B293-4E9E-A208-E0506E46894D}.Release|Any CPU.ActiveCfg = Release|Any CPU
		{A2A3FEC5-B293-4E9E-A208-E0506E46894D}.Release|Any CPU.Build.0 = Release|Any CPU
	EndGlobalSection
	GlobalSection(SolutionProperties) = preSolution
		HideSolutionNode = FALSE
	EndGlobalSection
EndGlobal
